
Microsoft Visual Studio Solution File, Format Version 12.00
# Visual Studio Version 16
VisualStudioVersion = 16.0.31702.278
MinimumVisualStudioVersion = 10.0.40219.1
Project("{FAE04EC0-301F-11D3-BF4B-00C04F79EFBC}") = "1093508_hw6", "1093508_hw6\1093508_hw6.csproj", "{99477E87-BD61-4F8C-8EE9-A8CE948E593C}"
EndProject
Global
	GlobalSection(SolutionConfigurationPlatforms) = preSolution
		Debug|Any CPU = Debug|Any CPU
		Release|Any CPU = Release|Any CPU
	EndGlobalSection
	GlobalSection(ProjectConfigurationPlatforms) = postSolution
		{99477E87-BD61-4F8C-8EE9-A8CE948E593C}.Debug|Any CPU.ActiveCfg = Debug|Any CPU
		{99477E87-BD61-4F8C-8EE9-A8CE948E593C}.Debug|Any CPU.Build.0 = Debug|Any CPU
		{99477E87-BD61-4F8C-8EE9-A8CE948E593C}.Release|Any CPU.ActiveCfg = Release|Any CPU
		{99477E87-BD61-4F8C-8EE9-A8CE948E593C}.Release|Any CPU.Build.0 = Release|Any CPU
	EndGlobalSection
	GlobalSection(SolutionProperties) = preSolution
		HideSolutionNode = FALSE
	EndGlobalSection
	GlobalSection(ExtensibilityGlobals) = postSolution
		SolutionGuid = {7CFB8012-FD06-4184-9331-048E4985B826}
	EndGlobalSection
EndGlobal
